{
  "name": "@solidstate/library",
  "version": "0.0.36",
  "lockfileVersion": 2,
  "requires": true,
  "packages": {
    "": {
      "name": "@solidstate/library",
      "version": "0.0.36",
      "license": "MIT",
      "dependencies": {
        "eth-permit": "^0.1.10"
      },
      "devDependencies": {
        "@solidstate/library": "^0.0.36"
      }
    },
    "node_modules/@solidstate/library": {
      "version": "0.0.36",
      "resolved": "https://registry.npmjs.org/@solidstate/library/-/library-0.0.36.tgz",
      "integrity": "sha512-vKAvLJkHky8FIdi8/f+3LH8PjjSTn1nzdiScJo9M/78hDlNreGXjLbOP/uWMbCiAFSnT39u2Xo5yChJUb33t8Q==",
      "dev": true,
      "dependencies": {
        "eth-permit": "^0.1.10"
      }
    },
    "node_modules/eth-permit": {
      "version": "0.1.10",
      "resolved": "https://registry.npmjs.org/eth-permit/-/eth-permit-0.1.10.tgz",
      "integrity": "sha512-cMAjWvGEaCQoWSlKWBqkBMQvhCtXzVlkTCnYBxGRsCxznbBZSiYuOsHpTAb4EerRwQJkRgwd3vPvcZh3OA7Siw==",
      "dependencies": {
        "utf8": "^3.0.0"
      }
    },
    "node_modules/utf8": {
      "version": "3.0.0",
      "resolved": "https://registry.npmjs.org/utf8/-/utf8-3.0.0.tgz",
      "integrity": "sha512-E8VjFIQ/TyQgp+TZfS6l8yp/xWppSAHzidGiRrqe4bK4XP9pTRyKFgGJpO3SN7zdX4DeomTrwaseCHovfpFcqQ=="
    }
  },
  "dependencies": {
    "@solidstate/library": {
      "version": "0.0.36",
      "resolved": "https://registry.npmjs.org/@solidstate/library/-/library-0.0.36.tgz",
      "integrity": "sha512-vKAvLJkHky8FIdi8/f+3LH8PjjSTn1nzdiScJo9M/78hDlNreGXjLbOP/uWMbCiAFSnT39u2Xo5yChJUb33t8Q==",
      "dev": true,
      "requires": {
        "eth-permit": "^0.1.10"
      }
    },
    "eth-permit": {
      "version": "0.1.10",
      "resolved": "https://registry.npmjs.org/eth-permit/-/eth-permit-0.1.10.tgz",
      "integrity": "sha512-cMAjWvGEaCQoWSlKWBqkBMQvhCtXzVlkTCnYBxGRsCxznbBZSiYuOsHpTAb4EerRwQJkRgwd3vPvcZh3OA7Siw==",
      "requires": {
        "utf8": "^3.0.0"
      }
    },
    "utf8": {
      "version": "3.0.0",
      "resolved": "https://registry.npmjs.org/utf8/-/utf8-3.0.0.tgz",
      "integrity": "sha512-E8VjFIQ/TyQgp+TZfS6l8yp/xWppSAHzidGiRrqe4bK4XP9pTRyKFgGJpO3SN7zdX4DeomTrwaseCHovfpFcqQ=="
    }
  }
}
